
Microsoft Visual Studio Solution File, Format Version 12.00
# Visual Studio Version 16
VisualStudioVersion = 16.0.31229.75
MinimumVisualStudioVersion = 10.0.40219.1
Project("{FAE04EC0-301F-11D3-BF4B-00C04F79EFBC}") = "IMAPClient", "IMAPClient\IMAPClient.csproj", "{C7DF8F2F-0FAE-4A4D-B638-1BE4844A38F5}"
EndProject
Global
	GlobalSection(SolutionConfigurationPlatforms) = preSolution
		Debug|Any CPU = Debug|Any CPU
		Release|Any CPU = Release|Any CPU
	EndGlobalSection
	GlobalSection(ProjectConfigurationPlatforms) = postSolution
		{C7DF8F2F-0FAE-4A4D-B638-1BE4844A38F5}.Debug|Any CPU.ActiveCfg = Debug|Any CPU
		{C7DF8F2F-0FAE-4A4D-B638-1BE4844A38F5}.Debug|Any CPU.Build.0 = Debug|Any CPU
		{C7DF8F2F-0FAE-4A4D-B638-1BE4844A38F5}.Release|Any CPU.ActiveCfg = Release|Any CPU
		{C7DF8F2F-0FAE-4A4D-B638-1BE4844A38F5}.Release|Any CPU.Build.0 = Release|Any CPU
	EndGlobalSection
	GlobalSection(SolutionProperties) = preSolution
		HideSolutionNode = FALSE
	EndGlobalSection
	GlobalSection(ExtensibilityGlobals) = postSolution
		SolutionGuid = {D6A06983-3EEA-48A3-902C-1C64C63EBE90}
	EndGlobalSection
EndGlobal
